hash: bcc6019487ef3169134b4f686b7354480fffd260900e16891e624c2cd0e065fd
updated: 2016-07-26T19:13:29.06847184-03:00
imports:
- name: github.com/caarlos0/gohome
  version: cbed4b26b0bb75922678d7892fde12dccc05a8b3
- name: github.com/davecgh/go-spew
  version: 5215b55f46b2b919f50a1df0eaa5886afe4e3b3d
  subpackages:
  - spew
- name: github.com/kardianos/osext
  version: 29ae4ffbc9a6fe9fb2bc5029050ce6996ea1d3bc
- name: github.com/pmezard/go-difflib
  version: d8ed2627bdf02c080bf22230dbb337003b7aba2d
  subpackages:
  - difflib
- name: github.com/stretchr/testify
  version: 6fe211e493929a8aac0469b93f28b1d0688a9a3a
  subpackages:
  - assert
- name: github.com/urfave/cli
  version: d9021faab69f92295ef7061bd39e4a76dcbdef32
testImports: []
